
Microsoft Visual Studio Solution File, Format Version 12.00
# Visual Studio Version 16
VisualStudioVersion = 16.0.30011.22
MinimumVisualStudioVersion = 10.0.40219.1
Project("{FAE04EC0-301F-11D3-BF4B-00C04F79EFBC}") = "OOP Kursach Monte-Karlo", "OOP Kursach Monte-Karlo\OOP Kursach Monte-Karlo.csproj", "{8E4688C1-92B4-4CD6-B304-FB65B6605820}"
EndProject
Global
	GlobalSection(SolutionConfigurationPlatforms) = preSolution
		Debug|Any CPU = Debug|Any CPU
		Release|Any CPU = Release|Any CPU
	EndGlobalSection
	GlobalSection(ProjectConfigurationPlatforms) = postSolution
		{8E4688C1-92B4-4CD6-B304-FB65B6605820}.Debug|Any CPU.ActiveCfg = Debug|Any CPU
		{8E4688C1-92B4-4CD6-B304-FB65B6605820}.Debug|Any CPU.Build.0 = Debug|Any CPU
		{8E4688C1-92B4-4CD6-B304-FB65B6605820}.Release|Any CPU.ActiveCfg = Release|Any CPU
		{8E4688C1-92B4-4CD6-B304-FB65B6605820}.Release|Any CPU.Build.0 = Release|Any CPU
	EndGlobalSection
	GlobalSection(SolutionProperties) = preSolution
		HideSolutionNode = FALSE
	EndGlobalSection
	GlobalSection(ExtensibilityGlobals) = postSolution
		SolutionGuid = {91ECA2DE-4324-4F8C-8022-FE9A61F15820}
	EndGlobalSection
EndGlobal
